// !$*UTF8*$!
{
	archiveVersion = 1;
	classes = {
	};
	objectVersion = 46;
	objects = {

/* Begin PBXBuildFile section */
		4D3226BF1C7306A7005BC5A9 /* AppDelegate.swift in Sources */ = {isa = PBXBuildFile; fileRef = 4D3226BE1C7306A7005BC5A9 /* AppDelegate.swift */; };
		4D3226C11C7306A7005BC5A9 /* ViewController.swift in Sources */ = {isa = PBXBuildFile; fileRef = 4D3226C01C7306A7005BC5A9 /* ViewController.swift */; };
		4D3226C41C7306A7005BC5A9 /* Main.storyboard in Resources */ = {isa = PBXBuildFile; fileRef = 4D3226C21C7306A7005BC5A9 /* Main.storyboard */; };
		4D3226C61C7306A7005BC5A9 /* Assets.xcassets in Resources */ = {isa = PBXBuildFile; fileRef = 4D3226C51C7306A7005BC5A9 /* Assets.xcassets */; };
		4D3226C91C7306A7005BC5A9 /* LaunchScreen.storyboard in Resources */ = {isa = PBXBuildFile; fileRef = 4D3226C71C7306A7005BC5A9 /* LaunchScreen.storyboard */; };
		BC5C2F2147FAC119216D3091 /* Pods_LRNotification_Test.framework in Frameworks */ = {isa = PBXBuildFile; fileRef = E3695F2E94070A4CB77D8C35 /* Pods_LRNotification_Test.framework */; };
/* End PBXBuildFile section */

/* Begin PBXFileReference section */
		3E09A0FB3A277E029125B4EF /* Pods-LRNotification_Test.release.xcconfig */ = {isa = PBXFileReference; includeInIndex = 1; lastKnownFileType = text.xcconfig; name = "Pods-LRNotification_Test.release.xcconfig"; path = "Pods/Target Support Files/Pods-LRNotification_Test/Pods-LRNotification_Test.release.xcconfig"; sourceTree = "<group>"; };
		4D3226BB1C7306A7005BC5A9 /* LRNotification_Test.app */ = {isa = PBXFileReference; explicitFileType = wrapper.application; includeInIndex = 0; path = LRNotification_Test.app; sourceTree = BUILT_PRODUCTS_DIR; };
		4D3226BE1C7306A7005BC5A9 /* AppDelegate.swift */ = {isa = PBXFileReference; lastKnownFileType = sourcecode.swift; path = AppDelegate.swift; sourceTree = "<group>"; };
		4D3226C01C7306A7005BC5A9 /* ViewController.swift */ = {isa = PBXFileReference; lastKnownFileType = sourcecode.swift; path = ViewController.swift; sourceTree = "<group>"; };
		4D3226C31C7306A7005BC5A9 /* Base */ = {isa = PBXFileReference; lastKnownFileType = file.storyboard; name = Base; path = Base.lproj/Main.storyboard; sourceTree = "<group>"; };
		4D3226C51C7306A7005BC5A9 /* Assets.xcassets */ = {isa = PBXFileReference; lastKnownFileType = folder.assetcatalog; path = Assets.xcassets; sourceTree = "<group>"; };
		4D3226C81C7306A7005BC5A9 /* Base */ = {isa = PBXFileReference; lastKnownFileType = file.storyboard; name = Base; path = Base.lproj/LaunchScreen.storyboard; sourceTree = "<group>"; };
		4D3226CA1C7306A7005BC5A9 /* Info.plist */ = {isa = PBXFileReference; lastKnownFileType = text.plist.xml; path = Info.plist; sourceTree = "<group>"; };
		8B1B3305592DACA0AC5421B5 /* Pods-LRNotification_Test.debug.xcconfig */ = {isa = PBXFileReference; includeInIndex = 1; lastKnownFileType = text.xcconfig; name = "Pods-LRNotification_Test.debug.xcconfig"; path = "Pods/Target Support Files/Pods-LRNotification_Test/Pods-LRNotification_Test.debug.xcconfig"; sourceTree = "<group>"; };
		E3695F2E94070A4CB77D8C35 /* Pods_LRNotification_Test.framework */ = {isa = PBXFileReference; explicitFileType = wrapper.framework; includeInIndex = 0; path = Pods_LRNotification_Test.framework; sourceTree = BUILT_PRODUCTS_DIR; };
/* End PBXFileReference section */

/* Begin PBXFrameworksBuildPhase section */
		4D3226B81C7306A7005BC5A9 /* Frameworks */ = {
			isa = PBXFrameworksBuildPhase;
			buildActionMask = 2147483647;
			files = (
				BC5C2F2147FAC119216D3091 /* Pods_LRNotification_Test.framework in Frameworks */,
			);
			runOnlyForDeploymentPostprocessing = 0;
		};
/* End PBXFrameworksBuildPhase section */

/* Begin PBXGroup section */
		4D3226B21C7306A7005BC5A9 = {
			isa = PBXGroup;
			children = (
				4D3226BD1C7306A7005BC5A9 /* LRNotification_Test */,
				4D3226BC1C7306A7005BC5A9 /* Products */,
				9396794DF3453D125537BD5D /* Pods */,
				A4483B966DE381415FCCE148 /* Frameworks */,
			);
			sourceTree = "<group>";
		};
		4D3226BC1C7306A7005BC5A9 /* Products */ = {
			isa = PBXGroup;
			children = (
				4D3226BB1C7306A7005BC5A9 /* LRNotification_Test.app */,
			);
			name = Products;
			sourceTree = "<group>";
		};
		4D3226BD1C7306A7005BC5A9 /* LRNotification_Test */ = {
			isa = PBXGroup;
			children = (
				4D3226BE1C7306A7005BC5A9 /* AppDelegate.swift */,
				4D3226C01C7306A7005BC5A9 /* ViewController.swift */,
				4D3226C21C7306A7005BC5A9 /* Main.storyboard */,
				4D3226C51C7306A7005BC5A9 /* Assets.xcassets */,
				4D3226C71C7306A7005BC5A9 /* LaunchScreen.storyboard */,
				4D3226CA1C7306A7005BC5A9 /* Info.plist */,
			);
			path = LRNotification_Test;
			sourceTree = "<group>";
		};
		9396794DF3453D125537BD5D /* Pods */ = {
			isa = PBXGroup;
			children = (
				8B1B3305592DACA0AC5421B5 /* Pods-LRNotification_Test.debug.xcconfig */,
				3E09A0FB3A277E029125B4EF /* Pods-LRNotification_Test.release.xcconfig */,
			);
			name = Pods;
			sourceTree = "<group>";
		};
		A4483B966DE381415FCCE148 /* Frameworks */ = {
			isa = PBXGroup;
			children = (
				E3695F2E94070A4CB77D8C35 /* Pods_LRNotification_Test.framework */,
			);
			name = Frameworks;
			sourceTree = "<group>";
		};
/* End PBXGroup section */

/* Begin PBXNativeTarget section */
		4D3226BA1C7306A7005BC5A9 /* LRNotification_Test */ = {
			isa = PBXNativeTarget;
			buildConfigurationList = 4D3226CD1C7306A7005BC5A9 /* Build configuration list for PBXNativeTarget "LRNotification_Test" */;
			buildPhases = (
				EE8FF4FCF2D8F1F02F13F03F /* Check Pods Manifest.lock */,
				4D3226B71C7306A7005BC5A9 /* Sources */,
				4D3226B81C7306A7005BC5A9 /* Frameworks */,
				4D3226B91C7306A7005BC5A9 /* Resources */,
				D41C74A22B99FEE52FDAB14F /* Embed Pods Frameworks */,
				390000ED183A2FC89ECD0C89 /* Copy Pods Resources */,
			);
			buildRules = (
			);
			dependencies = (
			);
			name = LRNotification_Test;
			productName = LRNotification_Test;
			productReference = 4D3226BB1C7306A7005BC5A9 /* LRNotification_Test.app */;
			productType = "com.apple.product-type.application";
		};
/* End PBXNativeTarget section */

/* Begin PBXProject section */
		4D3226B31C7306A7005BC5A9 /* Project object */ = {
			isa = PBXProject;
			attributes = {
				LastSwiftUpdateCheck = 0720;
				LastUpgradeCheck = 0720;
				ORGANIZATIONNAME = "Liuming Qiu";
				TargetAttributes = {
					4D3226BA1C7306A7005BC5A9 = {
						CreatedOnToolsVersion = 7.2.1;
					};
				};
			};
			buildConfigurationList = 4D3226B61C7306A7005BC5A9 /* Build configuration list for PBXProject "LRNotification_Test" */;
			compatibilityVersion = "Xcode 3.2";
			developmentRegion = English;
			hasScannedForEncodings = 0;
			knownRegions = (
				en,
				Base,
			);
			mainGroup = 4D3226B21C7306A7005BC5A9;
			productRefGroup = 4D3226BC1C7306A7005BC5A9 /* Products */;
			projectDirPath = "";
			projectRoot = "";
			targets = (
				4D3226BA1C7306A7005BC5A9 /* LRNotification_Test */,
			);
		};
/* End PBXProject section */

/* Begin PBXResourcesBuildPhase section */
		4D3226B91C7306A7005BC5A9 /* Resources */ = {
			isa = PBXResourcesBuildPhase;
			buildActionMask = 2147483647;
			files = (
				4D3226C91C7306A7005BC5A9 /* LaunchScreen.storyboard in Resources */,
				4D3226C61C7306A7005BC5A9 /* Assets.xcassets in Resources */,
				4D3226C41C7306A7005BC5A9 /* Main.storyboard in Resources */,
			);
			runOnlyForDeploymentPostprocessing = 0;
		};
/* End PBXResourcesBuildPhase section */

/* Begin PBXShellScriptBuildPhase section */
		390000ED183A2FC89ECD0C89 /* Copy Pods Resources */ = {
			isa = PBXShellScriptBuildPhase;
			buildActionMask = 2147483647;
			files = (
			);
			inputPaths = (
			);
			name = "Copy Pods Resources";
			outputPaths = (
			);
			runOnlyForDeploymentPostprocessing = 0;
			shellPath = /bin/sh;
			shellScript = "\"${SRCROOT}/Pods/Target Support Files/Pods-LRNotification_Test/Pods-LRNotification_Test-resources.sh\"\n";
			showEnvVarsInLog = 0;
		};
		D41C74A22B99FEE52FDAB14F /* Embed Pods Frameworks */ = {
			isa = PBXShellScriptBuildPhase;
			buildActionMask = 2147483647;
			files = (
			);
			inputPaths = (
			);
			name = "Embed Pods Frameworks";
			outputPaths = (
			);
			runOnlyForDeploymentPostprocessing = 0;
			shellPath = /bin/sh;
			shellScript = "\"${SRCROOT}/Pods/Target Support Files/Pods-LRNotification_Test/Pods-LRNotification_Test-frameworks.sh\"\n";
			showEnvVarsInLog = 0;
		};
		EE8FF4FCF2D8F1F02F13F03F /* Check Pods Manifest.lock */ = {
			isa = PBXShellScriptBuildPhase;
			buildActionMask = 2147483647;
			files = (
			);
			inputPaths = (
			);
			name = "Check Pods Manifest.lock";
			outputPaths = (
			);
			runOnlyForDeploymentPostprocessing = 0;
			shellPath = /bin/sh;
			shellScript = "diff \"${PODS_ROOT}/../Podfile.lock\" \"${PODS_ROOT}/Manifest.lock\" > /dev/null\nif [[ $? != 0 ]] ; then\n    cat << EOM\nerror: The sandbox is not in sync with the Podfile.lock. Run 'pod install' or update your CocoaPods installation.\nEOM\n    exit 1\nfi\n";
			showEnvVarsInLog = 0;
		};
/* End PBXShellScriptBuildPhase section */

/* Begin PBXSourcesBuildPhase section */
		4D3226B71C7306A7005BC5A9 /* Sources */ = {
			isa = PBXSourcesBuildPhase;
			buildActionMask = 2147483647;
			files = (
				4D3226C11C7306A7005BC5A9 /* ViewController.swift in Sources */,
				4D3226BF1C7306A7005BC5A9 /* AppDelegate.swift in Sources */,
			);
			runOnlyForDeploymentPostprocessing = 0;
		};
/* End PBXSourcesBuildPhase section */

/* Begin PBXVariantGroup section */
		4D3226C21C7306A7005BC5A9 /* Main.storyboard */ = {
			isa = PBXVariantGroup;
			children = (
				4D3226C31C7306A7005BC5A9 /* Base */,
			);
			name = Main.storyboard;
			sourceTree = "<group>";
		};
		4D3226C71C7306A7005BC5A9 /* LaunchScreen.storyboard */ = {
			isa = PBXVariantGroup;
			children = (
				4D3226C81C7306A7005BC5A9 /* Base */,
			);
			name = LaunchScreen.storyboard;
			sourceTree = "<group>";
		};
/* End PBXVariantGroup section */

/* Begin XCBuildConfiguration section */
		4D3226CB1C7306A7005BC5A9 /* Debug */ = {
			isa = XCBuildConfiguration;
			buildSettings = {
				ALWAYS_SEARCH_USER_PATHS = NO;
				CLANG_CXX_LANGUAGE_STANDARD = "gnu++0x";
				CLANG_CXX_LIBRARY = "libc++";
				CLANG_ENABLE_MODULES = YES;
				CLANG_ENABLE_OBJC_ARC = YES;
				CLANG_WARN_BOOL_CONVERSION = YES;
				CLANG_WARN_CONSTANT_CONVERSION = YES;
				CLANG_WARN_DIRECT_OBJC_ISA_USAGE = YES_ERROR;
				CLANG_WARN_EMPTY_BODY = YES;
				CLANG_WARN_ENUM_CONVERSION = YES;
				CLANG_WARN_INT_CONVERSION = YES;
				CLANG_WARN_OBJC_ROOT_CLASS = YES_ERROR;
				CLANG_WARN_UNREACHABLE_CODE = YES;
				CLANG_WARN__DUPLICATE_METHOD_MATCH = YES;
				"CODE_SIGN_IDENTITY[sdk=iphoneos*]" = "iPhone Developer";
				COPY_PHASE_STRIP = NO;
				DEBUG_INFORMATION_FORMAT = dwarf;
				ENABLE_STRICT_OBJC_MSGSEND = YES;
				ENABLE_TESTABILITY = YES;
				GCC_C_LANGUAGE_STANDARD = gnu99;
				GCC_DYNAMIC_NO_PIC = NO;
				GCC_NO_COMMON_BLOCKS = YES;
				GCC_OPTIMIZATION_LEVEL = 0;
				GCC_PREPROCESSOR_DEFINITIONS = (
					"DEBUG=1",
					"$(inherited)",
				);
				GCC_WARN_64_TO_32_BIT_CONVERSION = YES;
				GCC_WARN_ABOUT_RETURN_TYPE = YES_ERROR;
				GCC_WARN_UNDECLARED_SELECTOR = YES;
				GCC_WARN_UNINITIALIZED_AUTOS = YES_AGGRESSIVE;
				GCC_WARN_UNUSED_FUNCTION = YES;
				GCC_WARN_UNUSED_VARIABLE = YES;
				IPHONEOS_DEPLOYMENT_TARGET = 9.2;
				MTL_ENABLE_DEBUG_INFO = YES;
				ONLY_ACTIVE_ARCH = YES;
				SDKROOT = iphoneos;
				SWIFT_OPTIMIZATION_LEVEL = "-Onone";
			};
			name = Debug;
		};
		4D3226CC1C7306A7005BC5A9 /* Release */ = {
			isa = XCBuildConfiguration;
			buildSettings = {
				ALWAYS_SEARCH_USER_PATHS = NO;
				CLANG_CXX_LANGUAGE_STANDARD = "gnu++0x";
				CLANG_CXX_LIBRARY = "libc++";
				CLANG_ENABLE_MODULES = YES;
				CLANG_ENABLE_OBJC_ARC = YES;
				CLANG_WARN_BOOL_CONVERSION = YES;
				CLANG_WARN_CONSTANT_CONVERSION = YES;
				CLANG_WARN_DIRECT_OBJC_ISA_USAGE = YES_ERROR;
				CLANG_WARN_EMPTY_BODY = YES;
				CLANG_WARN_ENUM_CONVERSION = YES;
				CLANG_WARN_INT_CONVERSION = YES;
				CLANG_WARN_OBJC_ROOT_CLASS = YES_ERROR;
				CLANG_WARN_UNREACHABLE_CODE = YES;
				CLANG_WARN__DUPLICATE_METHOD_MATCH = YES;
				"CODE_SIGN_IDENTITY[sdk=iphoneos*]" = "iPhone Developer";
				COPY_PHASE_STRIP = NO;
				DEBUG_INFORMATION_FORMAT = "dwarf-with-dsym";
				ENABLE_NS_ASSERTIONS = NO;
				ENABLE_STRICT_OBJC_MSGSEND = YES;
				GCC_C_LANGUAGE_STANDARD = gnu99;
				GCC_NO_COMMON_BLOCKS = YES;
				GCC_WARN_64_TO_32_BIT_CONVERSION = YES;
				GCC_WARN_ABOUT_RETURN_TYPE = YES_ERROR;
				GCC_WARN_UNDECLARED_SELECTOR = YES;
				GCC_WARN_UNINITIALIZED_AUTOS = YES_AGGRESSIVE;
				GCC_WARN_UNUSED_FUNCTION = YES;
				GCC_WARN_UNUSED_VARIABLE = YES;
				IPHONEOS_DEPLOYMENT_TARGET = 9.2;
				MTL_ENABLE_DEBUG_INFO = NO;
				SDKROOT = iphoneos;
				VALIDATE_PRODUCT = YES;
			};
			name = Release;
		};
		4D3226CE1C7306A7005BC5A9 /* Debug */ = {
			isa = XCBuildConfiguration;
			baseConfigurationReference = 8B1B3305592DACA0AC5421B5 /* Pods-LRNotification_Test.debug.xcconfig */;
			buildSettings = {
				ASSETCATALOG_COMPILER_APPICON_NAME = AppIcon;
				INFOPLIST_FILE = LRNotification_Test/Info.plist;
				LD_RUNPATH_SEARCH_PATHS = "$(inherited) @executable_path/Frameworks";
				PRODUCT_BUNDLE_IDENTIFIER = "TEST.LRNotification-Test";
				PRODUCT_NAME = "$(TARGET_NAME)";
			};
			name = Debug;
		};
		4D3226CF1C7306A7005BC5A9 /* Release */ = {
			isa = XCBuildConfiguration;
			baseConfigurationReference = 3E09A0FB3A277E029125B4EF /* Pods-LRNotification_Test.release.xcconfig */;
			buildSettings = {
				ASSETCATALOG_COMPILER_APPICON_NAME = AppIcon;
				INFOPLIST_FILE = LRNotification_Test/Info.plist;
				LD_RUNPATH_SEARCH_PATHS = "$(inherited) @executable_path/Frameworks";
				PRODUCT_BUNDLE_IDENTIFIER = "TEST.LRNotification-Test";
				PRODUCT_NAME = "$(TARGET_NAME)";
			};
			name = Release;
		};
/* End XCBuildConfiguration section */

/* Begin XCConfigurationList section */
		4D3226B61C7306A7005BC5A9 /* Build configuration list for PBXProject "LRNotification_Test" */ = {
			isa = XCConfigurationList;
			buildConfigurations = (
				4D3226CB1C7306A7005BC5A9 /* Debug */,
				4D3226CC1C7306A7005BC5A9 /* Release */,
			);
			defaultConfigurationIsVisible = 0;
			defaultConfigurationName = Release;
		};
		4D3226CD1C7306A7005BC5A9 /* Build configuration list for PBXNativeTarget "LRNotification_Test" */ = {
			isa = XCConfigurationList;
			buildConfigurations = (
				4D3226CE1C7306A7005BC5A9 /* Debug */,
				4D3226CF1C7306A7005BC5A9 /* Release */,
			);
			defaultConfigurationIsVisible = 0;
			defaultConfigurationName = Release;
		};
/* End XCConfigurationList section */
	};
	rootObject = 4D3226B31C7306A7005BC5A9 /* Project object */;
}
